Microsoft Visual Studio Solution File, Format Version 11.00
# Visual Studio 2008

Project("{5396EC52-E7B6-6299-CA61-6A4F876DB420}") = "Lief", "Assembly-CSharp-firstpass.csproj", "{28CBA6AA-CB1F-EB11-8E52-27DE3DD78935}"
EndProject
Project("{5396EC52-E7B6-6299-CA61-6A4F876DB420}") = "Lief", "Assembly-CSharp.csproj", "{1841D2B6-202E-8AD5-C0FE-391D964B36A9}"
EndProject
Global
	GlobalSection(SolutionConfigurationPlatforms) = preSolution
		Debug|Any CPU = Debug|Any CPU
		Release|Any CPU = Release|Any CPU
	EndGlobalSection
	GlobalSection(ProjectConfigurationPlatforms) = postSolution
		{28CBA6AA-CB1F-EB11-8E52-27DE3DD78935}.Debug|Any CPU.ActiveCfg = Debug|Any CPU
		{28CBA6AA-CB1F-EB11-8E52-27DE3DD78935}.Debug|Any CPU.Build.0 = Debug|Any CPU
		{28CBA6AA-CB1F-EB11-8E52-27DE3DD78935}.Release|Any CPU.ActiveCfg = Release|Any CPU
		{28CBA6AA-CB1F-EB11-8E52-27DE3DD78935}.Release|Any CPU.Build.0 = Release|Any CPU
		{1841D2B6-202E-8AD5-C0FE-391D964B36A9}.Debug|Any CPU.ActiveCfg = Debug|Any CPU
		{1841D2B6-202E-8AD5-C0FE-391D964B36A9}.Debug|Any CPU.Build.0 = Debug|Any CPU
		{1841D2B6-202E-8AD5-C0FE-391D964B36A9}.Release|Any CPU.ActiveCfg = Release|Any CPU
		{1841D2B6-202E-8AD5-C0FE-391D964B36A9}.Release|Any CPU.Build.0 = Release|Any CPU
	EndGlobalSection
	GlobalSection(SolutionProperties) = preSolution
		HideSolutionNode = FALSE
	EndGlobalSection
		GlobalSection(MonoDevelopProperties) = preSolution
		StartupItem = Assembly-CSharp.csproj
		Policies = $0
		$0.TextStylePolicy = $1
		$1.inheritsSet = null
		$1.scope = text/x-csharp
		$0.CSharpFormattingPolicy = $2
		$2.inheritsSet = Mono
		$2.inheritsScope = text/x-csharp
		$2.scope = text/x-csharp
		$0.TextStylePolicy = $3
		$3.FileWidth = 120
		$3.TabWidth = 4
		$3.EolMarker = Unix
		$3.inheritsSet = Mono
		$3.inheritsScope = text/plain
		$3.scope = text/plain
	EndGlobalSection

EndGlobal
